
Microsoft Visual Studio Solution File, Format Version 12.00
# Visual Studio 15
VisualStudioVersion = 15.0.27703.2018
MinimumVisualStudioVersion = 10.0.40219.1
Project("{8BC9CEB8-8B4A-11D0-8D11-00A0C91BC942}") = "StringFinder", "StringFinder\StringFinder.vcxproj", "{7DA1042A-2F46-478B-9023-182150303819}"
EndProject
Project("{8BC9CEB8-8B4A-11D0-8D11-00A0C91BC942}") = "StringFinderLib", "StringFinderLib\StringFinderLib.vcxproj", "{E5470B75-2222-432C-9AB4-538E925B2A43}"
EndProject
Project("{8BC9CEB8-8B4A-11D0-8D11-00A0C91BC942}") = "TestStringFinderLib", "TestStringFinderLib\TestStringFinderLib.vcxproj", "{E53A87D1-52A0-4D22-AB33-E15DF80DDE34}"
EndProject
Global
	GlobalSection(SolutionConfigurationPlatforms) = preSolution
		Debug|x64 = Debug|x64
		Debug|x86 = Debug|x86
		Release|x64 = Release|x64
		Release|x86 = Release|x86
	EndGlobalSection
	GlobalSection(ProjectConfigurationPlatforms) = postSolution
		{7DA1042A-2F46-478B-9023-182150303819}.Debug|x64.ActiveCfg = Debug|x64
		{7DA1042A-2F46-478B-9023-182150303819}.Debug|x64.Build.0 = Debug|x64
		{7DA1042A-2F46-478B-9023-182150303819}.Debug|x86.ActiveCfg = Debug|Win32
		{7DA1042A-2F46-478B-9023-182150303819}.Debug|x86.Build.0 = Debug|Win32
		{7DA1042A-2F46-478B-9023-182150303819}.Release|x64.ActiveCfg = Release|x64
		{7DA1042A-2F46-478B-9023-182150303819}.Release|x64.Build.0 = Release|x64
		{7DA1042A-2F46-478B-9023-182150303819}.Release|x86.ActiveCfg = Release|Win32
		{7DA1042A-2F46-478B-9023-182150303819}.Release|x86.Build.0 = Release|Win32
		{E5470B75-2222-432C-9AB4-538E925B2A43}.Debug|x64.ActiveCfg = Debug|x64
		{E5470B75-2222-432C-9AB4-538E925B2A43}.Debug|x64.Build.0 = Debug|x64
		{E5470B75-2222-432C-9AB4-538E925B2A43}.Debug|x86.ActiveCfg = Debug|Win32
		{E5470B75-2222-432C-9AB4-538E925B2A43}.Debug|x86.Build.0 = Debug|Win32
		{E5470B75-2222-432C-9AB4-538E925B2A43}.Release|x64.ActiveCfg = Release|x64
		{E5470B75-2222-432C-9AB4-538E925B2A43}.Release|x64.Build.0 = Release|x64
		{E5470B75-2222-432C-9AB4-538E925B2A43}.Release|x86.ActiveCfg = Release|Win32
		{E5470B75-2222-432C-9AB4-538E925B2A43}.Release|x86.Build.0 = Release|Win32
		{E53A87D1-52A0-4D22-AB33-E15DF80DDE34}.Debug|x64.ActiveCfg = Debug|x64
		{E53A87D1-52A0-4D22-AB33-E15DF80DDE34}.Debug|x64.Build.0 = Debug|x64
		{E53A87D1-52A0-4D22-AB33-E15DF80DDE34}.Debug|x86.ActiveCfg = Debug|Win32
		{E53A87D1-52A0-4D22-AB33-E15DF80DDE34}.Debug|x86.Build.0 = Debug|Win32
		{E53A87D1-52A0-4D22-AB33-E15DF80DDE34}.Release|x64.ActiveCfg = Release|x64
		{E53A87D1-52A0-4D22-AB33-E15DF80DDE34}.Release|x64.Build.0 = Release|x64
		{E53A87D1-52A0-4D22-AB33-E15DF80DDE34}.Release|x86.ActiveCfg = Release|Win32
		{E53A87D1-52A0-4D22-AB33-E15DF80DDE34}.Release|x86.Build.0 = Release|Win32
	EndGlobalSection
	GlobalSection(SolutionProperties) = preSolution
		HideSolutionNode = FALSE
	EndGlobalSection
	GlobalSection(ExtensibilityGlobals) = postSolution
		SolutionGuid = {16582AA5-7F43-4478-951A-6F3B5DE7D2C5}
	EndGlobalSection
EndGlobal
